// !$*UTF8*$!
{
	archiveVersion = 1;
	classes = {
	};
	objectVersion = 50;
	objects = {

/* Begin PBXBuildFile section */
		1DA4775E22AB134900C6980D /* CircleImage.swift in Sources */ = {isa = PBXBuildFile; fileRef = 1DA4775D22AB134900C6980D /* CircleImage.swift */; };
		1DE96E9222A7F5E00070AB3B /* AppDelegate.swift in Sources */ = {isa = PBXBuildFile; fileRef = 1DE96E9122A7F5E00070AB3B /* AppDelegate.swift */; };
		1DE96E9422A7F5E00070AB3B /* SceneDelegate.swift in Sources */ = {isa = PBXBuildFile; fileRef = 1DE96E9322A7F5E00070AB3B /* SceneDelegate.swift */; };
		1DE96E9622A7F5E00070AB3B /* ContentView.swift in Sources */ = {isa = PBXBuildFile; fileRef = 1DE96E9522A7F5E00070AB3B /* ContentView.swift */; };
		1DE96E9822A7F5E30070AB3B /* Assets.xcassets in Resources */ = {isa = PBXBuildFile; fileRef = 1DE96E9722A7F5E30070AB3B /* Assets.xcassets */; };
		1DE96E9B22A7F5E30070AB3B /* Preview Assets.xcassets in Resources */ = {isa = PBXBuildFile; fileRef = 1DE96E9A22A7F5E30070AB3B /* Preview Assets.xcassets */; };
		1DE96E9E22A7F5E30070AB3B /* LaunchScreen.storyboard in Resources */ = {isa = PBXBuildFile; fileRef = 1DE96E9C22A7F5E30070AB3B /* LaunchScreen.storyboard */; };
		1DE96EA622A7F6E80070AB3B /* README.md in Resources */ = {isa = PBXBuildFile; fileRef = 1DE96EA522A7F6E80070AB3B /* README.md */; };
		1DE96EA922A7F7A50070AB3B /* LICENSE.txt in Resources */ = {isa = PBXBuildFile; fileRef = 1DE96EA822A7F7A40070AB3B /* LICENSE.txt */; };
/* End PBXBuildFile section */

/* Begin PBXFileReference section */
		1DA4775D22AB134900C6980D /* CircleImage.swift */ = {isa = PBXFileReference; lastKnownFileType = sourcecode.swift; path = CircleImage.swift; sourceTree = "<group>"; };
		1DE96E8E22A7F5E00070AB3B /* SwiftUITutorial101.app */ = {isa = PBXFileReference; explicitFileType = wrapper.application; includeInIndex = 0; path = SwiftUITutorial101.app; sourceTree = BUILT_PRODUCTS_DIR; };
		1DE96E9122A7F5E00070AB3B /* AppDelegate.swift */ = {isa = PBXFileReference; lastKnownFileType = sourcecode.swift; path = AppDelegate.swift; sourceTree = "<group>"; };
		1DE96E9322A7F5E00070AB3B /* SceneDelegate.swift */ = {isa = PBXFileReference; lastKnownFileType = sourcecode.swift; path = SceneDelegate.swift; sourceTree = "<group>"; };
		1DE96E9522A7F5E00070AB3B /* ContentView.swift */ = {isa = PBXFileReference; lastKnownFileType = sourcecode.swift; path = ContentView.swift; sourceTree = "<group>"; };
		1DE96E9722A7F5E30070AB3B /* Assets.xcassets */ = {isa = PBXFileReference; lastKnownFileType = folder.assetcatalog; path = Assets.xcassets; sourceTree = "<group>"; };
		1DE96E9A22A7F5E30070AB3B /* Preview Assets.xcassets */ = {isa = PBXFileReference; lastKnownFileType = folder.assetcatalog; path = "Preview Assets.xcassets"; sourceTree = "<group>"; };
		1DE96E9D22A7F5E30070AB3B /* Base */ = {isa = PBXFileReference; lastKnownFileType = file.storyboard; name = Base; path = Base.lproj/LaunchScreen.storyboard; sourceTree = "<group>"; };
		1DE96E9F22A7F5E30070AB3B /* Info.plist */ = {isa = PBXFileReference; lastKnownFileType = text.plist.xml; path = Info.plist; sourceTree = "<group>"; };
		1DE96EA522A7F6E80070AB3B /* README.md */ = {isa = PBXFileReference; fileEncoding = 4; lastKnownFileType = net.daringfireball.markdown; path = README.md; sourceTree = "<group>"; };
		1DE96EA822A7F7A40070AB3B /* LICENSE.txt */ = {isa = PBXFileReference; fileEncoding = 4; lastKnownFileType = text; path = LICENSE.txt; sourceTree = "<group>"; };
/* End PBXFileReference section */

/* Begin PBXFrameworksBuildPhase section */
		1DE96E8B22A7F5E00070AB3B /* Frameworks */ = {
			isa = PBXFrameworksBuildPhase;
			buildActionMask = 2147483647;
			files = (
			);
			runOnlyForDeploymentPostprocessing = 0;
		};
/* End PBXFrameworksBuildPhase section */

/* Begin PBXGroup section */
		1DE96E8522A7F5E00070AB3B = {
			isa = PBXGroup;
			children = (
				1DE96EA522A7F6E80070AB3B /* README.md */,
				1DE96E9022A7F5E00070AB3B /* SwiftUITutorial101 */,
				1DE96E8F22A7F5E00070AB3B /* Products */,
				1DE96EA722A7F7A40070AB3B /* LICENSE */,
			);
			sourceTree = "<group>";
		};
		1DE96E8F22A7F5E00070AB3B /* Products */ = {
			isa = PBXGroup;
			children = (
				1DE96E8E22A7F5E00070AB3B /* SwiftUITutorial101.app */,
			);
			name = Products;
			sourceTree = "<group>";
		};
		1DE96E9022A7F5E00070AB3B /* SwiftUITutorial101 */ = {
			isa = PBXGroup;
			children = (
				1DE96E9122A7F5E00070AB3B /* AppDelegate.swift */,
				1DE96E9322A7F5E00070AB3B /* SceneDelegate.swift */,
				1DE96E9522A7F5E00070AB3B /* ContentView.swift */,
				1DA4775D22AB134900C6980D /* CircleImage.swift */,
				1DE96E9722A7F5E30070AB3B /* Assets.xcassets */,
				1DE96E9C22A7F5E30070AB3B /* LaunchScreen.storyboard */,
				1DE96E9F22A7F5E30070AB3B /* Info.plist */,
				1DE96E9922A7F5E30070AB3B /* Preview Content */,
			);
			path = SwiftUITutorial101;
			sourceTree = "<group>";
		};
		1DE96E9922A7F5E30070AB3B /* Preview Content */ = {
			isa = PBXGroup;
			children = (
				1DE96E9A22A7F5E30070AB3B /* Preview Assets.xcassets */,
			);
			path = "Preview Content";
			sourceTree = "<group>";
		};
		1DE96EA722A7F7A40070AB3B /* LICENSE */ = {
			isa = PBXGroup;
			children = (
				1DE96EA822A7F7A40070AB3B /* LICENSE.txt */,
			);
			path = LICENSE;
			sourceTree = "<group>";
		};
/* End PBXGroup section */

/* Begin PBXNativeTarget section */
		1DE96E8D22A7F5E00070AB3B /* SwiftUITutorial101 */ = {
			isa = PBXNativeTarget;
			buildConfigurationList = 1DE96EA222A7F5E30070AB3B /* Build configuration list for PBXNativeTarget "SwiftUITutorial101" */;
			buildPhases = (
				1DE96E8A22A7F5E00070AB3B /* Sources */,
				1DE96E8B22A7F5E00070AB3B /* Frameworks */,
				1DE96E8C22A7F5E00070AB3B /* Resources */,
			);
			buildRules = (
			);
			dependencies = (
			);
			name = SwiftUITutorial101;
			productName = SwiftUITutorial101;
			productReference = 1DE96E8E22A7F5E00070AB3B /* SwiftUITutorial101.app */;
			productType = "com.apple.product-type.application";
		};
/* End PBXNativeTarget section */

/* Begin PBXProject section */
		1DE96E8622A7F5E00070AB3B /* Project object */ = {
			isa = PBXProject;
			attributes = {
				LastSwiftUpdateCheck = 1100;
				LastUpgradeCheck = 1100;
				ORGANIZATIONNAME = ignasiSwift;
				TargetAttributes = {
					1DE96E8D22A7F5E00070AB3B = {
						CreatedOnToolsVersion = 11.0;
					};
				};
			};
			buildConfigurationList = 1DE96E8922A7F5E00070AB3B /* Build configuration list for PBXProject "SwiftUITutorial101" */;
			compatibilityVersion = "Xcode 9.3";
			developmentRegion = en;
			hasScannedForEncodings = 0;
			knownRegions = (
				en,
				Base,
			);
			mainGroup = 1DE96E8522A7F5E00070AB3B;
			productRefGroup = 1DE96E8F22A7F5E00070AB3B /* Products */;
			projectDirPath = "";
			projectRoot = "";
			targets = (
				1DE96E8D22A7F5E00070AB3B /* SwiftUITutorial101 */,
			);
		};
/* End PBXProject section */

/* Begin PBXResourcesBuildPhase section */
		1DE96E8C22A7F5E00070AB3B /* Resources */ = {
			isa = PBXResourcesBuildPhase;
			buildActionMask = 2147483647;
			files = (
				1DE96E9E22A7F5E30070AB3B /* LaunchScreen.storyboard in Resources */,
				1DE96E9B22A7F5E30070AB3B /* Preview Assets.xcassets in Resources */,
				1DE96EA622A7F6E80070AB3B /* README.md in Resources */,
				1DE96EA922A7F7A50070AB3B /* LICENSE.txt in Resources */,
				1DE96E9822A7F5E30070AB3B /* Assets.xcassets in Resources */,
			);
			runOnlyForDeploymentPostprocessing = 0;
		};
/* End PBXResourcesBuildPhase section */

/* Begin PBXSourcesBuildPhase section */
		1DE96E8A22A7F5E00070AB3B /* Sources */ = {
			isa = PBXSourcesBuildPhase;
			buildActionMask = 2147483647;
			files = (
				1DE96E9222A7F5E00070AB3B /* AppDelegate.swift in Sources */,
				1DA4775E22AB134900C6980D /* CircleImage.swift in Sources */,
				1DE96E9422A7F5E00070AB3B /* SceneDelegate.swift in Sources */,
				1DE96E9622A7F5E00070AB3B /* ContentView.swift in Sources */,
			);
			runOnlyForDeploymentPostprocessing = 0;
		};
/* End PBXSourcesBuildPhase section */

/* Begin PBXVariantGroup section */
		1DE96E9C22A7F5E30070AB3B /* LaunchScreen.storyboard */ = {
			isa = PBXVariantGroup;
			children = (
				1DE96E9D22A7F5E30070AB3B /* Base */,
			);
			name = LaunchScreen.storyboard;
			sourceTree = "<group>";
		};
/* End PBXVariantGroup section */

/* Begin XCBuildConfiguration section */
		1DE96EA022A7F5E30070AB3B /* Debug */ = {
			isa = XCBuildConfiguration;
			buildSettings = {
				ALWAYS_SEARCH_USER_PATHS = NO;
				CLANG_ANALYZER_NONNULL = YES;
				CLANG_ANALYZER_NUMBER_OBJECT_CONVERSION = YES_AGGRESSIVE;
				CLANG_CXX_LANGUAGE_STANDARD = "gnu++14";
				CLANG_CXX_LIBRARY = "libc++";
				CLANG_ENABLE_MODULES = YES;
				CLANG_ENABLE_OBJC_ARC = YES;
				CLANG_ENABLE_OBJC_WEAK = YES;
				CLANG_WARN_BLOCK_CAPTURE_AUTORELEASING = YES;
				CLANG_WARN_BOOL_CONVERSION = YES;
				CLANG_WARN_COMMA = YES;
				CLANG_WARN_CONSTANT_CONVERSION = YES;
				CLANG_WARN_DEPRECATED_OBJC_IMPLEMENTATIONS = YES;
				CLANG_WARN_DIRECT_OBJC_ISA_USAGE = YES_ERROR;
				CLANG_WARN_DOCUMENTATION_COMMENTS = YES;
				CLANG_WARN_EMPTY_BODY = YES;
				CLANG_WARN_ENUM_CONVERSION = YES;
				CLANG_WARN_INFINITE_RECURSION = YES;
				CLANG_WARN_INT_CONVERSION = YES;
				CLANG_WARN_NON_LITERAL_NULL_CONVERSION = YES;
				CLANG_WARN_OBJC_IMPLICIT_RETAIN_SELF = YES;
				CLANG_WARN_OBJC_LITERAL_CONVERSION = YES;
				CLANG_WARN_OBJC_ROOT_CLASS = YES_ERROR;
				CLANG_WARN_RANGE_LOOP_ANALYSIS = YES;
				CLANG_WARN_STRICT_PROTOTYPES = YES;
				CLANG_WARN_SUSPICIOUS_MOVE = YES;
				CLANG_WARN_UNGUARDED_AVAILABILITY = YES_AGGRESSIVE;
				CLANG_WARN_UNREACHABLE_CODE = YES;
				CLANG_WARN__DUPLICATE_METHOD_MATCH = YES;
				COPY_PHASE_STRIP = NO;
				DEBUG_INFORMATION_FORMAT = dwarf;
				ENABLE_STRICT_OBJC_MSGSEND = YES;
				ENABLE_TESTABILITY = YES;
				GCC_C_LANGUAGE_STANDARD = gnu11;
				GCC_DYNAMIC_NO_PIC = NO;
				GCC_NO_COMMON_BLOCKS = YES;
				GCC_OPTIMIZATION_LEVEL = 0;
				GCC_PREPROCESSOR_DEFINITIONS = (
					"DEBUG=1",
					"$(inherited)",
				);
				GCC_WARN_64_TO_32_BIT_CONVERSION = YES;
				GCC_WARN_ABOUT_RETURN_TYPE = YES_ERROR;
				GCC_WARN_UNDECLARED_SELECTOR = YES;
				GCC_WARN_UNINITIALIZED_AUTOS = YES_AGGRESSIVE;
				GCC_WARN_UNUSED_FUNCTION = YES;
				GCC_WARN_UNUSED_VARIABLE = YES;
				IPHONEOS_DEPLOYMENT_TARGET = 13.0;
				MTL_ENABLE_DEBUG_INFO = INCLUDE_SOURCE;
				MTL_FAST_MATH = YES;
				ONLY_ACTIVE_ARCH = YES;
				SDKROOT = iphoneos;
				SWIFT_ACTIVE_COMPILATION_CONDITIONS = DEBUG;
				SWIFT_OPTIMIZATION_LEVEL = "-Onone";
			};
			name = Debug;
		};
		1DE96EA122A7F5E30070AB3B /* Release */ = {
			isa = XCBuildConfiguration;
			buildSettings = {
				ALWAYS_SEARCH_USER_PATHS = NO;
				CLANG_ANALYZER_NONNULL = YES;
				CLANG_ANALYZER_NUMBER_OBJECT_CONVERSION = YES_AGGRESSIVE;
				CLANG_CXX_LANGUAGE_STANDARD = "gnu++14";
				CLANG_CXX_LIBRARY = "libc++";
				CLANG_ENABLE_MODULES = YES;
				CLANG_ENABLE_OBJC_ARC = YES;
				CLANG_ENABLE_OBJC_WEAK = YES;
				CLANG_WARN_BLOCK_CAPTURE_AUTORELEASING = YES;
				CLANG_WARN_BOOL_CONVERSION = YES;
				CLANG_WARN_COMMA = YES;
				CLANG_WARN_CONSTANT_CONVERSION = YES;
				CLANG_WARN_DEPRECATED_OBJC_IMPLEMENTATIONS = YES;
				CLANG_WARN_DIRECT_OBJC_ISA_USAGE = YES_ERROR;
				CLANG_WARN_DOCUMENTATION_COMMENTS = YES;
				CLANG_WARN_EMPTY_BODY = YES;
				CLANG_WARN_ENUM_CONVERSION = YES;
				CLANG_WARN_INFINITE_RECURSION = YES;
				CLANG_WARN_INT_CONVERSION = YES;
				CLANG_WARN_NON_LITERAL_NULL_CONVERSION = YES;
				CLANG_WARN_OBJC_IMPLICIT_RETAIN_SELF = YES;
				CLANG_WARN_OBJC_LITERAL_CONVERSION = YES;
				CLANG_WARN_OBJC_ROOT_CLASS = YES_ERROR;
				CLANG_WARN_RANGE_LOOP_ANALYSIS = YES;
				CLANG_WARN_STRICT_PROTOTYPES = YES;
				CLANG_WARN_SUSPICIOUS_MOVE = YES;
				CLANG_WARN_UNGUARDED_AVAILABILITY = YES_AGGRESSIVE;
				CLANG_WARN_UNREACHABLE_CODE = YES;
				CLANG_WARN__DUPLICATE_METHOD_MATCH = YES;
				COPY_PHASE_STRIP = NO;
				DEBUG_INFORMATION_FORMAT = "dwarf-with-dsym";
				ENABLE_NS_ASSERTIONS = NO;
				ENABLE_STRICT_OBJC_MSGSEND = YES;
				GCC_C_LANGUAGE_STANDARD = gnu11;
				GCC_NO_COMMON_BLOCKS = YES;
				GCC_WARN_64_TO_32_BIT_CONVERSION = YES;
				GCC_WARN_ABOUT_RETURN_TYPE = YES_ERROR;
				GCC_WARN_UNDECLARED_SELECTOR = YES;
				GCC_WARN_UNINITIALIZED_AUTOS = YES_AGGRESSIVE;
				GCC_WARN_UNUSED_FUNCTION = YES;
				GCC_WARN_UNUSED_VARIABLE = YES;
				IPHONEOS_DEPLOYMENT_TARGET = 13.0;
				MTL_ENABLE_DEBUG_INFO = NO;
				MTL_FAST_MATH = YES;
				SDKROOT = iphoneos;
				SWIFT_COMPILATION_MODE = wholemodule;
				SWIFT_OPTIMIZATION_LEVEL = "-O";
				VALIDATE_PRODUCT = YES;
			};
			name = Release;
		};
		1DE96EA322A7F5E30070AB3B /* Debug */ = {
			isa = XCBuildConfiguration;
			buildSettings = {
				ASSETCATALOG_COMPILER_APPICON_NAME = AppIcon;
				CODE_SIGN_STYLE = Automatic;
				DEVELOPMENT_ASSET_PATHS = "SwiftUITutorial101/Preview\\ Content";
				DEVELOPMENT_TEAM = 949Z9P63ML;
				ENABLE_PREVIEWS = YES;
				INFOPLIST_FILE = SwiftUITutorial101/Info.plist;
				LD_RUNPATH_SEARCH_PATHS = (
					"$(inherited)",
					"@executable_path/Frameworks",
				);
				PRODUCT_BUNDLE_IDENTIFIER = com.ignasiSwift.SwiftUITutorial101;
				PRODUCT_NAME = "$(TARGET_NAME)";
				SWIFT_VERSION = 5.0;
				TARGETED_DEVICE_FAMILY = "1,2";
			};
			name = Debug;
		};
		1DE96EA422A7F5E30070AB3B /* Release */ = {
			isa = XCBuildConfiguration;
			buildSettings = {
				ASSETCATALOG_COMPILER_APPICON_NAME = AppIcon;
				CODE_SIGN_STYLE = Automatic;
				DEVELOPMENT_ASSET_PATHS = "SwiftUITutorial101/Preview\\ Content";
				DEVELOPMENT_TEAM = 949Z9P63ML;
				ENABLE_PREVIEWS = YES;
				INFOPLIST_FILE = SwiftUITutorial101/Info.plist;
				LD_RUNPATH_SEARCH_PATHS = (
					"$(inherited)",
					"@executable_path/Frameworks",
				);
				PRODUCT_BUNDLE_IDENTIFIER = com.ignasiSwift.SwiftUITutorial101;
				PRODUCT_NAME = "$(TARGET_NAME)";
				SWIFT_VERSION = 5.0;
				TARGETED_DEVICE_FAMILY = "1,2";
			};
			name = Release;
		};
/* End XCBuildConfiguration section */

/* Begin XCConfigurationList section */
		1DE96E8922A7F5E00070AB3B /* Build configuration list for PBXProject "SwiftUITutorial101" */ = {
			isa = XCConfigurationList;
			buildConfigurations = (
				1DE96EA022A7F5E30070AB3B /* Debug */,
				1DE96EA122A7F5E30070AB3B /* Release */,
			);
			defaultConfigurationIsVisible = 0;
			defaultConfigurationName = Release;
		};
		1DE96EA222A7F5E30070AB3B /* Build configuration list for PBXNativeTarget "SwiftUITutorial101" */ = {
			isa = XCConfigurationList;
			buildConfigurations = (
				1DE96EA322A7F5E30070AB3B /* Debug */,
				1DE96EA422A7F5E30070AB3B /* Release */,
			);
			defaultConfigurationIsVisible = 0;
			defaultConfigurationName = Release;
		};
/* End XCConfigurationList section */
	};
	rootObject = 1DE96E8622A7F5E00070AB3B /* Project object */;
}
